
Microsoft Visual Studio Solution File, Format Version 12.00
# Visual Studio Version 17
VisualStudioVersion = 17.8.34309.116
MinimumVisualStudioVersion = 10.0.40219.1
Project("{2150E333-8FDC-42A3-9474-1A3956D46DE8}") = "Host", "Host", "{97FAF2EA-8197-4DCC-B58D-03D087183BDA}"
EndProject
Project("{9A19103F-16F7-4668-BE54-9A1E7A4F7556}") = "DigiPay.Template.WebApi", "Host\DigiPay.Template.WebApi\DigiPay.Template.WebApi.csproj", "{DE409E19-4CA2-4652-8E8D-19D4E878FE68}"
EndProject
Project("{2150E333-8FDC-42A3-9474-1A3956D46DE8}") = "BuildingBlocks", "BuildingBlocks", "{8B8F5A13-5E5D-4603-8BAB-8AA0F1326C97}"
EndProject
Project("{2150E333-8FDC-42A3-9474-1A3956D46DE8}") = "Core", "Core", "{0960D87C-5D1D-4A21-A9E6-4A5F74E662F2}"
EndProject
Project("{2150E333-8FDC-42A3-9474-1A3956D46DE8}") = "Infrastructure", "Infrastructure", "{85F226F6-00E1-4DE6-8534-C3F21A3F2052}"
EndProject
Project("{2150E333-8FDC-42A3-9474-1A3956D46DE8}") = "Presentation", "Presentation", "{F6D67111-44EB-4DE5-9AFB-42F3EE6E20B4}"
EndProject
Project("{9A19103F-16F7-4668-BE54-9A1E7A4F7556}") = "DigiPay.Template.BuildingBlocks.Application", "Src\BuildingBlocks\Core\DigiPay.Template.BuildingBlocks.Application\DigiPay.Template.BuildingBlocks.Application.csproj", "{1E2C6F43-2CB8-4CF9-BEE4-8B25D0CF4796}"
EndProject
Project("{9A19103F-16F7-4668-BE54-9A1E7A4F7556}") = "DigiPay.Template.BuildingBlocks.Domain", "Src\BuildingBlocks\Core\DigiPay.Template.BuildingBlocks.Domain\DigiPay.Template.BuildingBlocks.Domain.csproj", "{AD6BD21F-4EC2-4360-84FF-9D7D3B0EC05B}"
EndProject
Project("{9A19103F-16F7-4668-BE54-9A1E7A4F7556}") = "DigiPay.Template.BuildingBlocks.Infrastructure", "Src\BuildingBlocks\Infrastructure\DigiPay.Template.BuildingBlocks.Infrastructure\DigiPay.Template.BuildingBlocks.Infrastructure.csproj", "{DFCD5CB6-E32B-4D72-9D7A-2F0A20AADDD1}"
EndProject
Project("{9A19103F-16F7-4668-BE54-9A1E7A4F7556}") = "DigiPay.Template.BuildingBlocks.Persistence", "Src\BuildingBlocks\Infrastructure\DigiPay.Template.BuildingBlocks.Persistence\DigiPay.Template.BuildingBlocks.Persistence.csproj", "{EB8A1E20-C292-483F-99F9-E4967A9B06C0}"
EndProject
Project("{9A19103F-16F7-4668-BE54-9A1E7A4F7556}") = "DigiPay.Template.BuildingBlocks.Presentation", "Src\BuildingBlocks\Presentation\DigiPay.Template.BuildingBlocks.Presentation\DigiPay.Template.BuildingBlocks.Presentation.csproj", "{52E8311E-5A72-4C5A-AAC1-C71B543489A1}"
EndProject
Project("{2150E333-8FDC-42A3-9474-1A3956D46DE8}") = "Modules", "Modules", "{8102D132-03E6-4482-9188-6521B3A19242}"
EndProject
Project("{2150E333-8FDC-42A3-9474-1A3956D46DE8}") = "FirstModule", "FirstModule", "{5456698D-C752-4E32-A303-EBFA6932B41D}"
EndProject
Project("{2150E333-8FDC-42A3-9474-1A3956D46DE8}") = "Core", "Core", "{29E5A658-5B15-421B-8205-72A4CD92F47A}"
EndProject
Project("{2150E333-8FDC-42A3-9474-1A3956D46DE8}") = "Infrastructure", "Infrastructure", "{903992CB-A193-4019-9C84-1B012E18970A}"
EndProject
Project("{2150E333-8FDC-42A3-9474-1A3956D46DE8}") = "Presentation", "Presentation", "{21EF0E26-5F57-44E7-96C2-6DA0CD361C42}"
EndProject
Project("{2150E333-8FDC-42A3-9474-1A3956D46DE8}") = "Src", "Src", "{6BD20EEE-3EDC-4D80-B8BE-D4084ED7F2BB}"
EndProject
Project("{2150E333-8FDC-42A3-9474-1A3956D46DE8}") = "Common", "Common", "{3E51E77E-8F3D-416A-AB96-D57695A675F7}"
EndProject
Project("{9A19103F-16F7-4668-BE54-9A1E7A4F7556}") = "Elima.Common", "Common\Elima.Common\Elima.Common.csproj", "{E8B601E1-6F5A-4CDB-8915-C4C101163C7D}"
EndProject
Project("{9A19103F-16F7-4668-BE54-9A1E7A4F7556}") = "Elima.Common.Modularity", "Common\Elima.Common.Modularity\Elima.Common.Modularity.csproj", "{BABCC7BB-BD65-4F27-8A84-F8421F972B88}"
EndProject
Project("{9A19103F-16F7-4668-BE54-9A1E7A4F7556}") = "Elima.Common.EntityFramework", "Common\Elima.Common.EntityFramework\Elima.Common.EntityFramework.csproj", "{9B8F10F9-D846-4FBF-9F90-46758AA57615}"
EndProject
Project("{9A19103F-16F7-4668-BE54-9A1E7A4F7556}") = "Elima.Common.Domain", "Common\Elima.Common.Domain\Elima.Common.Domain.csproj", "{D491C57A-8548-4821-AF8A-8FDCBF1C7039}"
EndProject
Project("{9A19103F-16F7-4668-BE54-9A1E7A4F7556}") = "Elima.Common.Results", "Common\Elima.Common.Result\Elima.Common.Results.csproj", "{917C6D30-7CCE-42AF-A84D-8889E000C70E}"
EndProject
Project("{9A19103F-16F7-4668-BE54-9A1E7A4F7556}") = "Elima.Common.Security", "Common\Elima.Common.Security\Elima.Common.Security.csproj", "{43A73276-D50A-495D-8C5E-ADF6509B2703}"
EndProject
Project("{9A19103F-16F7-4668-BE54-9A1E7A4F7556}") = "Elima.Common.Modularity.Autofac", "Common\Elima.Common.Modularity.Autofac\Elima.Common.Modularity.Autofac.csproj", "{9C96ABCB-7B41-41F4-8561-E790B03FB63C}"
EndProject
Project("{9A19103F-16F7-4668-BE54-9A1E7A4F7556}") = "Elima.Common.Application.MediatR", "Common\Elima.Common.Application.MediatR\Elima.Common.Application.MediatR.csproj", "{51A1B817-36BB-45E6-BFCC-AF958B52FED1}"
EndProject
Project("{9A19103F-16F7-4668-BE54-9A1E7A4F7556}") = "Elima.Common.Results.FastEndpoints", "Common\Elima.Common.Results.FastEndpoints\Elima.Common.Results.FastEndpoints.csproj", "{36D61831-7A93-4D92-91AB-D1E42A19A3FF}"
EndProject
Project("{9A19103F-16F7-4668-BE54-9A1E7A4F7556}") = "Elima.Common.Application", "Common\Elima.Common.Application\Elima.Common.Application.csproj", "{7DDA093C-435A-40BE-B1D6-7AF5EA3272C3}"
EndProject
Project("{9A19103F-16F7-4668-BE54-9A1E7A4F7556}") = "Elima.Common.Presentation", "Common\Elima.Common.Presentation\Elima.Common.Presentation.csproj", "{C249E513-41FD-4A4B-8462-8CD06D57580B}"
EndProject
Project("{9A19103F-16F7-4668-BE54-9A1E7A4F7556}") = "DigiPay.Template.CoreModule.Application", "Src\Modules\CoreModule\Core\DigiPay.Template.CoreModule.Application\DigiPay.Template.CoreModule.Application.csproj", "{443DB57A-0EA9-4642-8139-FED4BBBC3335}"
EndProject
Project("{9A19103F-16F7-4668-BE54-9A1E7A4F7556}") = "DigiPay.Template.CoreModule.Domain", "Src\Modules\CoreModule\Core\DigiPay.Template.CoreModule.Domain\DigiPay.Template.CoreModule.Domain.csproj", "{6F8A44D4-7B6C-4E80-8CAB-91065C0B3D08}"
EndProject
Project("{9A19103F-16F7-4668-BE54-9A1E7A4F7556}") = "DigiPay.Template.CoreModule.Infrastructure", "Src\Modules\CoreModule\Infrastructure\DigiPay.Template.CoreModule.Infrastructure\DigiPay.Template.CoreModule.Infrastructure.csproj", "{2B427324-9C4E-4BA3-836B-E9BB92162C60}"
EndProject
Project("{9A19103F-16F7-4668-BE54-9A1E7A4F7556}") = "DigiPay.Template.CoreModule.Persistence", "Src\Modules\CoreModule\Infrastructure\DigiPay.Template.CoreModule.Persistence\DigiPay.Template.CoreModule.Persistence.csproj", "{4D015E85-944D-458F-95FA-6B63D33C9C2C}"
EndProject
Project("{9A19103F-16F7-4668-BE54-9A1E7A4F7556}") = "DigiPay.Template.CoreModule.Presention", "Src\Modules\CoreModule\Presentation\DigiPay.Template.CoreModule.Presention\DigiPay.Template.CoreModule.Presention.csproj", "{B99D4452-DBF1-476C-AB97-12D7E5286A34}"
EndProject
Project("{FAE04EC0-301F-11D3-BF4B-00C04F79EFBC}") = "Elima.Common.EntityFramework.Specification", "Common\Elima.Common.EntityFramework.Specification\Elima.Common.EntityFramework.Specification.csproj", "{1255D017-3B51-4AF3-B4BB-FD42218CAD87}"
EndProject
Global
	GlobalSection(SolutionConfigurationPlatforms) = preSolution
		Debug|Any CPU = Debug|Any CPU
		Release|Any CPU = Release|Any CPU
	EndGlobalSection
	GlobalSection(ProjectConfigurationPlatforms) = postSolution
		{DE409E19-4CA2-4652-8E8D-19D4E878FE68}.Debug|Any CPU.ActiveCfg = Debug|Any CPU
		{DE409E19-4CA2-4652-8E8D-19D4E878FE68}.Debug|Any CPU.Build.0 = Debug|Any CPU
		{DE409E19-4CA2-4652-8E8D-19D4E878FE68}.Release|Any CPU.ActiveCfg = Release|Any CPU
		{DE409E19-4CA2-4652-8E8D-19D4E878FE68}.Release|Any CPU.Build.0 = Release|Any CPU
		{1E2C6F43-2CB8-4CF9-BEE4-8B25D0CF4796}.Debug|Any CPU.ActiveCfg = Debug|Any CPU
		{1E2C6F43-2CB8-4CF9-BEE4-8B25D0CF4796}.Debug|Any CPU.Build.0 = Debug|Any CPU
		{1E2C6F43-2CB8-4CF9-BEE4-8B25D0CF4796}.Release|Any CPU.ActiveCfg = Release|Any CPU
		{1E2C6F43-2CB8-4CF9-BEE4-8B25D0CF4796}.Release|Any CPU.Build.0 = Release|Any CPU
		{AD6BD21F-4EC2-4360-84FF-9D7D3B0EC05B}.Debug|Any CPU.ActiveCfg = Debug|Any CPU
		{AD6BD21F-4EC2-4360-84FF-9D7D3B0EC05B}.Debug|Any CPU.Build.0 = Debug|Any CPU
		{AD6BD21F-4EC2-4360-84FF-9D7D3B0EC05B}.Release|Any CPU.ActiveCfg = Release|Any CPU
		{AD6BD21F-4EC2-4360-84FF-9D7D3B0EC05B}.Release|Any CPU.Build.0 = Release|Any CPU
		{DFCD5CB6-E32B-4D72-9D7A-2F0A20AADDD1}.Debug|Any CPU.ActiveCfg = Debug|Any CPU
		{DFCD5CB6-E32B-4D72-9D7A-2F0A20AADDD1}.Debug|Any CPU.Build.0 = Debug|Any CPU
		{DFCD5CB6-E32B-4D72-9D7A-2F0A20AADDD1}.Release|Any CPU.ActiveCfg = Release|Any CPU
		{DFCD5CB6-E32B-4D72-9D7A-2F0A20AADDD1}.Release|Any CPU.Build.0 = Release|Any CPU
		{EB8A1E20-C292-483F-99F9-E4967A9B06C0}.Debug|Any CPU.ActiveCfg = Debug|Any CPU
		{EB8A1E20-C292-483F-99F9-E4967A9B06C0}.Debug|Any CPU.Build.0 = Debug|Any CPU
		{EB8A1E20-C292-483F-99F9-E4967A9B06C0}.Release|Any CPU.ActiveCfg = Release|Any CPU
		{EB8A1E20-C292-483F-99F9-E4967A9B06C0}.Release|Any CPU.Build.0 = Release|Any CPU
		{52E8311E-5A72-4C5A-AAC1-C71B543489A1}.Debug|Any CPU.ActiveCfg = Debug|Any CPU
		{52E8311E-5A72-4C5A-AAC1-C71B543489A1}.Debug|Any CPU.Build.0 = Debug|Any CPU
		{52E8311E-5A72-4C5A-AAC1-C71B543489A1}.Release|Any CPU.ActiveCfg = Release|Any CPU
		{52E8311E-5A72-4C5A-AAC1-C71B543489A1}.Release|Any CPU.Build.0 = Release|Any CPU
		{E8B601E1-6F5A-4CDB-8915-C4C101163C7D}.Debug|Any CPU.ActiveCfg = Debug|Any CPU
		{E8B601E1-6F5A-4CDB-8915-C4C101163C7D}.Debug|Any CPU.Build.0 = Debug|Any CPU
		{E8B601E1-6F5A-4CDB-8915-C4C101163C7D}.Release|Any CPU.ActiveCfg = Release|Any CPU
		{E8B601E1-6F5A-4CDB-8915-C4C101163C7D}.Release|Any CPU.Build.0 = Release|Any CPU
		{BABCC7BB-BD65-4F27-8A84-F8421F972B88}.Debug|Any CPU.ActiveCfg = Debug|Any CPU
		{BABCC7BB-BD65-4F27-8A84-F8421F972B88}.Debug|Any CPU.Build.0 = Debug|Any CPU
		{BABCC7BB-BD65-4F27-8A84-F8421F972B88}.Release|Any CPU.ActiveCfg = Release|Any CPU
		{BABCC7BB-BD65-4F27-8A84-F8421F972B88}.Release|Any CPU.Build.0 = Release|Any CPU
		{9B8F10F9-D846-4FBF-9F90-46758AA57615}.Debug|Any CPU.ActiveCfg = Debug|Any CPU
		{9B8F10F9-D846-4FBF-9F90-46758AA57615}.Debug|Any CPU.Build.0 = Debug|Any CPU
		{9B8F10F9-D846-4FBF-9F90-46758AA57615}.Release|Any CPU.ActiveCfg = Release|Any CPU
		{9B8F10F9-D846-4FBF-9F90-46758AA57615}.Release|Any CPU.Build.0 = Release|Any CPU
		{D491C57A-8548-4821-AF8A-8FDCBF1C7039}.Debug|Any CPU.ActiveCfg = Debug|Any CPU
		{D491C57A-8548-4821-AF8A-8FDCBF1C7039}.Debug|Any CPU.Build.0 = Debug|Any CPU
		{D491C57A-8548-4821-AF8A-8FDCBF1C7039}.Release|Any CPU.ActiveCfg = Release|Any CPU
		{D491C57A-8548-4821-AF8A-8FDCBF1C7039}.Release|Any CPU.Build.0 = Release|Any CPU
		{917C6D30-7CCE-42AF-A84D-8889E000C70E}.Debug|Any CPU.ActiveCfg = Debug|Any CPU
		{917C6D30-7CCE-42AF-A84D-8889E000C70E}.Debug|Any CPU.Build.0 = Debug|Any CPU
		{917C6D30-7CCE-42AF-A84D-8889E000C70E}.Release|Any CPU.ActiveCfg = Release|Any CPU
		{917C6D30-7CCE-42AF-A84D-8889E000C70E}.Release|Any CPU.Build.0 = Release|Any CPU
		{43A73276-D50A-495D-8C5E-ADF6509B2703}.Debug|Any CPU.ActiveCfg = Debug|Any CPU
		{43A73276-D50A-495D-8C5E-ADF6509B2703}.Debug|Any CPU.Build.0 = Debug|Any CPU
		{43A73276-D50A-495D-8C5E-ADF6509B2703}.Release|Any CPU.ActiveCfg = Release|Any CPU
		{43A73276-D50A-495D-8C5E-ADF6509B2703}.Release|Any CPU.Build.0 = Release|Any CPU
		{9C96ABCB-7B41-41F4-8561-E790B03FB63C}.Debug|Any CPU.ActiveCfg = Debug|Any CPU
		{9C96ABCB-7B41-41F4-8561-E790B03FB63C}.Debug|Any CPU.Build.0 = Debug|Any CPU
		{9C96ABCB-7B41-41F4-8561-E790B03FB63C}.Release|Any CPU.ActiveCfg = Release|Any CPU
		{9C96ABCB-7B41-41F4-8561-E790B03FB63C}.Release|Any CPU.Build.0 = Release|Any CPU
		{51A1B817-36BB-45E6-BFCC-AF958B52FED1}.Debug|Any CPU.ActiveCfg = Debug|Any CPU
		{51A1B817-36BB-45E6-BFCC-AF958B52FED1}.Debug|Any CPU.Build.0 = Debug|Any CPU
		{51A1B817-36BB-45E6-BFCC-AF958B52FED1}.Release|Any CPU.ActiveCfg = Release|Any CPU
		{51A1B817-36BB-45E6-BFCC-AF958B52FED1}.Release|Any CPU.Build.0 = Release|Any CPU
		{36D61831-7A93-4D92-91AB-D1E42A19A3FF}.Debug|Any CPU.ActiveCfg = Debug|Any CPU
		{36D61831-7A93-4D92-91AB-D1E42A19A3FF}.Debug|Any CPU.Build.0 = Debug|Any CPU
		{36D61831-7A93-4D92-91AB-D1E42A19A3FF}.Release|Any CPU.ActiveCfg = Release|Any CPU
		{36D61831-7A93-4D92-91AB-D1E42A19A3FF}.Release|Any CPU.Build.0 = Release|Any CPU
		{7DDA093C-435A-40BE-B1D6-7AF5EA3272C3}.Debug|Any CPU.ActiveCfg = Debug|Any CPU
		{7DDA093C-435A-40BE-B1D6-7AF5EA3272C3}.Debug|Any CPU.Build.0 = Debug|Any CPU
		{7DDA093C-435A-40BE-B1D6-7AF5EA3272C3}.Release|Any CPU.ActiveCfg = Release|Any CPU
		{7DDA093C-435A-40BE-B1D6-7AF5EA3272C3}.Release|Any CPU.Build.0 = Release|Any CPU
		{C249E513-41FD-4A4B-8462-8CD06D57580B}.Debug|Any CPU.ActiveCfg = Debug|Any CPU
		{C249E513-41FD-4A4B-8462-8CD06D57580B}.Debug|Any CPU.Build.0 = Debug|Any CPU
		{C249E513-41FD-4A4B-8462-8CD06D57580B}.Release|Any CPU.ActiveCfg = Release|Any CPU
		{C249E513-41FD-4A4B-8462-8CD06D57580B}.Release|Any CPU.Build.0 = Release|Any CPU
		{443DB57A-0EA9-4642-8139-FED4BBBC3335}.Debug|Any CPU.ActiveCfg = Debug|Any CPU
		{443DB57A-0EA9-4642-8139-FED4BBBC3335}.Debug|Any CPU.Build.0 = Debug|Any CPU
		{443DB57A-0EA9-4642-8139-FED4BBBC3335}.Release|Any CPU.ActiveCfg = Release|Any CPU
		{443DB57A-0EA9-4642-8139-FED4BBBC3335}.Release|Any CPU.Build.0 = Release|Any CPU
		{6F8A44D4-7B6C-4E80-8CAB-91065C0B3D08}.Debug|Any CPU.ActiveCfg = Debug|Any CPU
		{6F8A44D4-7B6C-4E80-8CAB-91065C0B3D08}.Debug|Any CPU.Build.0 = Debug|Any CPU
		{6F8A44D4-7B6C-4E80-8CAB-91065C0B3D08}.Release|Any CPU.ActiveCfg = Release|Any CPU
		{6F8A44D4-7B6C-4E80-8CAB-91065C0B3D08}.Release|Any CPU.Build.0 = Release|Any CPU
		{2B427324-9C4E-4BA3-836B-E9BB92162C60}.Debug|Any CPU.ActiveCfg = Debug|Any CPU
		{2B427324-9C4E-4BA3-836B-E9BB92162C60}.Debug|Any CPU.Build.0 = Debug|Any CPU
		{2B427324-9C4E-4BA3-836B-E9BB92162C60}.Release|Any CPU.ActiveCfg = Release|Any CPU
		{2B427324-9C4E-4BA3-836B-E9BB92162C60}.Release|Any CPU.Build.0 = Release|Any CPU
		{4D015E85-944D-458F-95FA-6B63D33C9C2C}.Debug|Any CPU.ActiveCfg = Debug|Any CPU
		{4D015E85-944D-458F-95FA-6B63D33C9C2C}.Debug|Any CPU.Build.0 = Debug|Any CPU
		{4D015E85-944D-458F-95FA-6B63D33C9C2C}.Release|Any CPU.ActiveCfg = Release|Any CPU
		{4D015E85-944D-458F-95FA-6B63D33C9C2C}.Release|Any CPU.Build.0 = Release|Any CPU
		{B99D4452-DBF1-476C-AB97-12D7E5286A34}.Debug|Any CPU.ActiveCfg = Debug|Any CPU
		{B99D4452-DBF1-476C-AB97-12D7E5286A34}.Debug|Any CPU.Build.0 = Debug|Any CPU
		{B99D4452-DBF1-476C-AB97-12D7E5286A34}.Release|Any CPU.ActiveCfg = Release|Any CPU
		{B99D4452-DBF1-476C-AB97-12D7E5286A34}.Release|Any CPU.Build.0 = Release|Any CPU
		{1255D017-3B51-4AF3-B4BB-FD42218CAD87}.Debug|Any CPU.ActiveCfg = Debug|Any CPU
		{1255D017-3B51-4AF3-B4BB-FD42218CAD87}.Debug|Any CPU.Build.0 = Debug|Any CPU
		{1255D017-3B51-4AF3-B4BB-FD42218CAD87}.Release|Any CPU.ActiveCfg = Release|Any CPU
		{1255D017-3B51-4AF3-B4BB-FD42218CAD87}.Release|Any CPU.Build.0 = Release|Any CPU
	EndGlobalSection
	GlobalSection(SolutionProperties) = preSolution
		HideSolutionNode = FALSE
	EndGlobalSection
	GlobalSection(NestedProjects) = preSolution
		{DE409E19-4CA2-4652-8E8D-19D4E878FE68} = {97FAF2EA-8197-4DCC-B58D-03D087183BDA}
		{8B8F5A13-5E5D-4603-8BAB-8AA0F1326C97} = {6BD20EEE-3EDC-4D80-B8BE-D4084ED7F2BB}
		{0960D87C-5D1D-4A21-A9E6-4A5F74E662F2} = {8B8F5A13-5E5D-4603-8BAB-8AA0F1326C97}
		{85F226F6-00E1-4DE6-8534-C3F21A3F2052} = {8B8F5A13-5E5D-4603-8BAB-8AA0F1326C97}
		{F6D67111-44EB-4DE5-9AFB-42F3EE6E20B4} = {8B8F5A13-5E5D-4603-8BAB-8AA0F1326C97}
		{1E2C6F43-2CB8-4CF9-BEE4-8B25D0CF4796} = {0960D87C-5D1D-4A21-A9E6-4A5F74E662F2}
		{AD6BD21F-4EC2-4360-84FF-9D7D3B0EC05B} = {0960D87C-5D1D-4A21-A9E6-4A5F74E662F2}
		{DFCD5CB6-E32B-4D72-9D7A-2F0A20AADDD1} = {85F226F6-00E1-4DE6-8534-C3F21A3F2052}
		{EB8A1E20-C292-483F-99F9-E4967A9B06C0} = {85F226F6-00E1-4DE6-8534-C3F21A3F2052}
		{52E8311E-5A72-4C5A-AAC1-C71B543489A1} = {F6D67111-44EB-4DE5-9AFB-42F3EE6E20B4}
		{8102D132-03E6-4482-9188-6521B3A19242} = {6BD20EEE-3EDC-4D80-B8BE-D4084ED7F2BB}
		{5456698D-C752-4E32-A303-EBFA6932B41D} = {8102D132-03E6-4482-9188-6521B3A19242}
		{29E5A658-5B15-421B-8205-72A4CD92F47A} = {5456698D-C752-4E32-A303-EBFA6932B41D}
		{903992CB-A193-4019-9C84-1B012E18970A} = {5456698D-C752-4E32-A303-EBFA6932B41D}
		{21EF0E26-5F57-44E7-96C2-6DA0CD361C42} = {5456698D-C752-4E32-A303-EBFA6932B41D}
		{E8B601E1-6F5A-4CDB-8915-C4C101163C7D} = {3E51E77E-8F3D-416A-AB96-D57695A675F7}
		{BABCC7BB-BD65-4F27-8A84-F8421F972B88} = {3E51E77E-8F3D-416A-AB96-D57695A675F7}
		{9B8F10F9-D846-4FBF-9F90-46758AA57615} = {3E51E77E-8F3D-416A-AB96-D57695A675F7}
		{D491C57A-8548-4821-AF8A-8FDCBF1C7039} = {3E51E77E-8F3D-416A-AB96-D57695A675F7}
		{917C6D30-7CCE-42AF-A84D-8889E000C70E} = {3E51E77E-8F3D-416A-AB96-D57695A675F7}
		{43A73276-D50A-495D-8C5E-ADF6509B2703} = {3E51E77E-8F3D-416A-AB96-D57695A675F7}
		{9C96ABCB-7B41-41F4-8561-E790B03FB63C} = {3E51E77E-8F3D-416A-AB96-D57695A675F7}
		{51A1B817-36BB-45E6-BFCC-AF958B52FED1} = {3E51E77E-8F3D-416A-AB96-D57695A675F7}
		{36D61831-7A93-4D92-91AB-D1E42A19A3FF} = {3E51E77E-8F3D-416A-AB96-D57695A675F7}
		{7DDA093C-435A-40BE-B1D6-7AF5EA3272C3} = {3E51E77E-8F3D-416A-AB96-D57695A675F7}
		{C249E513-41FD-4A4B-8462-8CD06D57580B} = {3E51E77E-8F3D-416A-AB96-D57695A675F7}
		{443DB57A-0EA9-4642-8139-FED4BBBC3335} = {29E5A658-5B15-421B-8205-72A4CD92F47A}
		{6F8A44D4-7B6C-4E80-8CAB-91065C0B3D08} = {29E5A658-5B15-421B-8205-72A4CD92F47A}
		{2B427324-9C4E-4BA3-836B-E9BB92162C60} = {903992CB-A193-4019-9C84-1B012E18970A}
		{4D015E85-944D-458F-95FA-6B63D33C9C2C} = {903992CB-A193-4019-9C84-1B012E18970A}
		{B99D4452-DBF1-476C-AB97-12D7E5286A34} = {21EF0E26-5F57-44E7-96C2-6DA0CD361C42}
		{1255D017-3B51-4AF3-B4BB-FD42218CAD87} = {3E51E77E-8F3D-416A-AB96-D57695A675F7}
	EndGlobalSection
	GlobalSection(ExtensibilityGlobals) = postSolution
		SolutionGuid = {9DD064A5-DEC9-4366-B9CF-12F4CB89E7B5}
	EndGlobalSection
EndGlobal
